{
  "name": "extras",
  "version": "1.0.0",
  "lockfileVersion": 1,
  "requires": true,
  "dependencies": {
    "@interactjs/actions": {
      "version": "1.5.4",
      "resolved": "https://registry.npmjs.org/@interactjs/actions/-/actions-1.5.4.tgz",
      "integrity": "sha512-opzSOab2xLz/F5ghU40WCJLH8O7ohRykRnsnnNrJFk0hUTFyd9kQH58p5m3v/RHkTI7KwYzeWbm5XDF6hfzJKA=="
    },
    "@interactjs/auto-scroll": {
      "version": "1.5.4",
      "resolved": "https://registry.npmjs.org/@interactjs/auto-scroll/-/auto-scroll-1.5.4.tgz",
      "integrity": "sha512-rSiMwjpEjVlMENThVf8a6hK2jYNdDRsgEkNbtCxv+2HrBaiDA/Bmyphyg7bGMUR4A17HObi5tAZTfxV8UZHJcQ=="
    },
    "@interactjs/auto-start": {
      "version": "1.5.4",
      "resolved": "https://registry.npmjs.org/@interactjs/auto-start/-/auto-start-1.5.4.tgz",
      "integrity": "sha512-eJOkVK13liwh59cFhG2VfxU2HIDmPb8FxKwHRoqdMJwxVzNuDxeSsFnLyrKPhB+3lFRAAxRjrPQ3LKulvMPfiw=="
    },
    "@interactjs/core": {
      "version": "1.5.4",
      "resolved": "https://registry.npmjs.org/@interactjs/core/-/core-1.5.4.tgz",
      "integrity": "sha512-4ZXdh1SESBXx9Y/NFD3CTpHffnJ2meVhyLsjL13C9dZrOVbStI5mRgN8GaERoj0M3pK7SPbw29UpHANqK5Qhcw=="
    },
    "@interactjs/dev-tools": {
      "version": "1.5.4",
      "resolved": "https://registry.npmjs.org/@interactjs/dev-tools/-/dev-tools-1.5.4.tgz",
      "integrity": "sha512-sPPrPFDGoxAM9s4+4M1frvg4Mf1f6gYJg6qK3yStqCxyvHu09tSilu4UwY9ukKavOGLoH5IqAY9TxbjLayQ1Wg==",
      "requires": {
        "@interactjs/utils": "1.5.4"
      }
    },
    "@interactjs/inertia": {
      "version": "1.5.4",
      "resolved": "https://registry.npmjs.org/@interactjs/inertia/-/inertia-1.5.4.tgz",
      "integrity": "sha512-HRdSGbkTwBKKf2RKGrHLfs7K4bslCZAdzTctQiCmxzmDxveBdPTDxeIKLaGGv4GA33xJsen4e9rOTqukEVKU8w=="
    },
    "@interactjs/interact": {
      "version": "1.5.4",
      "resolved": "https://registry.npmjs.org/@interactjs/interact/-/interact-1.5.4.tgz",
      "integrity": "sha512-b0Yf30J6uPO78DOuh882zlP/7jVQnwZiUSfdq3uuUYmy2LQJoOuv+F+ygEeXMTQk0kK6aVHqJPACIojRj/vyNg=="
    },
    "@interactjs/modifiers": {
      "version": "1.5.4",
      "resolved": "https://registry.npmjs.org/@interactjs/modifiers/-/modifiers-1.5.4.tgz",
      "integrity": "sha512-skQrQl2Yvreza+j5p5LhwwliUkVwpDPR3MNLEh+m7JHv1gJYJnDryjiQsHlaXdwM32p3QRG5JvBtomlTkILzRg=="
    },
    "@interactjs/pointer-events": {
      "version": "1.5.4",
      "resolved": "https://registry.npmjs.org/@interactjs/pointer-events/-/pointer-events-1.5.4.tgz",
      "integrity": "sha512-SEO/amMaSf5jHOyne9erpQOJJtPLH4nY/zvvonT8BSAs70M1tDUe8nCZxtUqjnaYUMrixW4AJdzV40JYMt1lgg=="
    },
    "@interactjs/reflow": {
      "version": "1.5.4",
      "resolved": "https://registry.npmjs.org/@interactjs/reflow/-/reflow-1.5.4.tgz",
      "integrity": "sha512-0wJoMfBYOStaaqvPFz0rfkObd/v1EPG4FUJgQC8JZ6JbsHbbpIxU6m6XgDTlAwBSboZ4zqkGs18h+YOfEwvatw=="
    },
    "@interactjs/types": {
      "version": "1.5.4",
      "resolved": "https://registry.npmjs.org/@interactjs/types/-/types-1.5.4.tgz",
      "integrity": "sha512-ADnnLE8nd6r+ljRpyLLV2jFV+h1WGGTVbqOAKUjRIBOogHLnVLHJj2kVo3Ctixz1oUbcN6bl+NjwJ8WiD50xLA==",
      "requires": {
        "@interactjs/actions": "1.5.4",
        "@interactjs/auto-scroll": "1.5.4",
        "@interactjs/auto-start": "1.5.4",
        "@interactjs/core": "1.5.4",
        "@interactjs/dev-tools": "1.5.4",
        "@interactjs/inertia": "1.5.4",
        "@interactjs/interact": "1.5.4",
        "@interactjs/modifiers": "1.5.4",
        "@interactjs/pointer-events": "1.5.4",
        "@interactjs/reflow": "1.5.4",
        "@interactjs/utils": "1.5.4"
      }
    },
    "@interactjs/utils": {
      "version": "1.5.4",
      "resolved": "https://registry.npmjs.org/@interactjs/utils/-/utils-1.5.4.tgz",
      "integrity": "sha512-K+aQdl9ipkwxRduZxUMfUHxIqkEq0N62BG5/7FE+bCYXVPTFWcBEkykDGHS/ZN7I53QJJvI/tGsj9sxtaQHD8Q=="
    },
    "adler-32": {
      "version": "1.2.0",
      "resolved": "https://registry.npmjs.org/adler-32/-/adler-32-1.2.0.tgz",
      "integrity": "sha1-aj5r8KY5ALoVZSgIyxXGgT0aXyU=",
      "requires": {
        "exit-on-epipe": "~1.0.1",
        "printj": "~1.1.0"
      }
    },
    "cfb": {
      "version": "1.1.3",
      "resolved": "https://registry.npmjs.org/cfb/-/cfb-1.1.3.tgz",
      "integrity": "sha512-joXBW0nMuwV9no7UTMiyVJnQL6XIU3ThXVjFUDHgl9MpILPOomyfaGqC290VELZ48bbQKZXnQ81UT5HouTxHsw==",
      "requires": {
        "adler-32": "~1.2.0",
        "commander": "^2.16.0",
        "crc-32": "~1.2.0",
        "printj": "~1.1.2"
      }
    },
    "commander": {
      "version": "2.20.0",
      "resolved": "https://registry.npmjs.org/commander/-/commander-2.20.0.tgz",
      "integrity": "sha512-7j2y+40w61zy6YC2iRNpUe/NwhNyoXrYpHMrSunaMG64nRnaf96zO/KMQR4OyN/UnE5KLyEBnKHd4aG3rskjpQ=="
    },
    "core-util-is": {
      "version": "1.0.2",
      "resolved": "https://registry.npmjs.org/core-util-is/-/core-util-is-1.0.2.tgz",
      "integrity": "sha1-tf1UIgqivFq1eqtxQMlAdUUDwac="
    },
    "crc-32": {
      "version": "1.2.0",
      "resolved": "https://registry.npmjs.org/crc-32/-/crc-32-1.2.0.tgz",
      "integrity": "sha512-1uBwHxF+Y/4yF5G48fwnKq6QsIXheor3ZLPT80yGBV1oEUwpPojlEhQbWKVw1VwcTQyMGHK1/XMmTjmlsmTTGA==",
      "requires": {
        "exit-on-epipe": "~1.0.1",
        "printj": "~1.1.0"
      }
    },
    "exit-on-epipe": {
      "version": "1.0.1",
      "resolved": "https://registry.npmjs.org/exit-on-epipe/-/exit-on-epipe-1.0.1.tgz",
      "integrity": "sha512-h2z5mrROTxce56S+pnvAV890uu7ls7f1kEvVGJbw1OlFH3/mlJ5bkXu0KRyW94v37zzHPiUd55iLn3DA7TjWpw=="
    },
    "hashids": {
      "version": "1.2.2",
      "resolved": "https://registry.npmjs.org/hashids/-/hashids-1.2.2.tgz",
      "integrity": "sha512-dEHCG2LraR6PNvSGxosZHIRgxF5sNLOIBFEHbj8lfP9WWmu/PWPMzsip1drdVSOFi51N2pU7gZavrgn7sbGFuw=="
    },
    "immediate": {
      "version": "3.0.6",
      "resolved": "https://registry.npmjs.org/immediate/-/immediate-3.0.6.tgz",
      "integrity": "sha1-nbHb0Pr43m++D13V5Wu2BigN5ps="
    },
    "inherits": {
      "version": "2.0.4",
      "resolved": "https://registry.npmjs.org/inherits/-/inherits-2.0.4.tgz",
      "integrity": "sha512-k/vGaX4/Yla3WzyMCvTQOXYeIHvqOKtnqBduzTHpzpQZzAskKMhZ2K+EnBiSM9zGSoIFeMpXKxa4dYeZIQqewQ=="
    },
    "interactjs": {
      "version": "1.5.4",
      "resolved": "https://registry.npmjs.org/interactjs/-/interactjs-1.5.4.tgz",
      "integrity": "sha512-c+7AbYqkMc2D9aaEBch/mPhLb7qyjM/nnVI5jRIXOL+DfznAHeJlNFnHYPIj9jgqIMQ7IBT0ggLrcRI3XBvm9A==",
      "requires": {
        "@interactjs/types": "1.5.4"
      }
    },
    "isarray": {
      "version": "1.0.0",
      "resolved": "https://registry.npmjs.org/isarray/-/isarray-1.0.0.tgz",
      "integrity": "sha1-u5NdSFgsuhaMBoNJV6VKPgcSTxE="
    },
    "jszip": {
      "version": "3.2.2",
      "resolved": "https://registry.npmjs.org/jszip/-/jszip-3.2.2.tgz",
      "integrity": "sha512-NmKajvAFQpbg3taXQXr/ccS2wcucR1AZ+NtyWp2Nq7HHVsXhcJFR8p0Baf32C2yVvBylFWVeKf+WI2AnvlPhpA==",
      "requires": {
        "lie": "~3.3.0",
        "pako": "~1.0.2",
        "readable-stream": "~2.3.6",
        "set-immediate-shim": "~1.0.1"
      }
    },
    "lie": {
      "version": "3.3.0",
      "resolved": "https://registry.npmjs.org/lie/-/lie-3.3.0.tgz",
      "integrity": "sha512-UaiMJzeWRlEujzAuw5LokY1L5ecNQYZKfmyZ9L7wDHb/p5etKaxXhohBcrw0EYby+G/NA52vRSN4N39dxHAIwQ==",
      "requires": {
        "immediate": "~3.0.5"
      }
    },
    "lodash": {
      "version": "4.17.19",
      "resolved": "https://registry.npmjs.org/lodash/-/lodash-4.17.19.tgz",
      "integrity": "sha512-JNvd8XER9GQX0v2qJgsaN/mzFCNA5BRe/j8JN9d+tWyGLSodKQHKFicdwNYzWwI3wjRnaKPsGj1XkBjx/F96DQ=="
    },
    "pako": {
      "version": "1.0.10",
      "resolved": "https://registry.npmjs.org/pako/-/pako-1.0.10.tgz",
      "integrity": "sha512-0DTvPVU3ed8+HNXOu5Bs+o//Mbdj9VNQMUOe9oKCwh8l0GNwpTDMKCWbRjgtD291AWnkAgkqA/LOnQS8AmS1tw=="
    },
    "printj": {
      "version": "1.1.2",
      "resolved": "https://registry.npmjs.org/printj/-/printj-1.1.2.tgz",
      "integrity": "sha512-zA2SmoLaxZyArQTOPj5LXecR+RagfPSU5Kw1qP+jkWeNlrq+eJZyY2oS68SU1Z/7/myXM4lo9716laOFAVStCQ=="
    },
    "process-nextick-args": {
      "version": "2.0.1",
      "resolved": "https://registry.npmjs.org/process-nextick-args/-/process-nextick-args-2.0.1.tgz",
      "integrity": "sha512-3ouUOpQhtgrbOa17J7+uxOTpITYWaGP7/AhoR3+A+/1e9skrzelGi/dXzEYyvbxubEF6Wn2ypscTKiKJFFn1ag=="
    },
    "readable-stream": {
      "version": "2.3.6",
      "resolved": "https://registry.npmjs.org/readable-stream/-/readable-stream-2.3.6.tgz",
      "integrity": "sha512-tQtKA9WIAhBF3+VLAseyMqZeBjW0AHJoxOtYqSUZNJxauErmLbVm2FW1y+J/YA9dUrAC39ITejlZWhVIwawkKw==",
      "requires": {
        "core-util-is": "~1.0.0",
        "inherits": "~2.0.3",
        "isarray": "~1.0.0",
        "process-nextick-args": "~2.0.0",
        "safe-buffer": "~5.1.1",
        "string_decoder": "~1.1.1",
        "util-deprecate": "~1.0.1"
      }
    },
    "safe-buffer": {
      "version": "5.1.2",
      "resolved": "https://registry.npmjs.org/safe-buffer/-/safe-buffer-5.1.2.tgz",
      "integrity": "sha512-Gd2UZBJDkXlY7GbJxfsE8/nvKkUEU1G38c1siN6QP6a9PT9MmHB8GnpscSmMJSoF8LOIrt8ud/wPtojys4G6+g=="
    },
    "sax": {
      "version": "1.2.4",
      "resolved": "https://registry.npmjs.org/sax/-/sax-1.2.4.tgz",
      "integrity": "sha512-NqVDv9TpANUjFm0N8uM5GxL36UgKi9/atZw+x7YFnQ8ckwFGKrl4xX4yWtrey3UJm5nP1kUbnYgLopqWNSRhWw=="
    },
    "set-immediate-shim": {
      "version": "1.0.1",
      "resolved": "https://registry.npmjs.org/set-immediate-shim/-/set-immediate-shim-1.0.1.tgz",
      "integrity": "sha1-SysbJ+uAip+NzEgaWOXlb1mfP2E="
    },
    "string_decoder": {
      "version": "1.1.1",
      "resolved": "https://registry.npmjs.org/string_decoder/-/string_decoder-1.1.1.tgz",
      "integrity": "sha512-n/ShnvDi6FHbbVfviro+WojiFzv+s8MPMHBczVePfUpDJLwoLT0ht1l4YwBCbi8pJAveEEdnkHyPyTP/mzRfwg==",
      "requires": {
        "safe-buffer": "~5.1.0"
      }
    },
    "util-deprecate": {
      "version": "1.0.2",
      "resolved": "https://registry.npmjs.org/util-deprecate/-/util-deprecate-1.0.2.tgz",
      "integrity": "sha1-RQ1Nyfpw3nMnYvvS1KKJgUGaDM8="
    },
    "xlsx-populate": {
      "version": "1.20.1",
      "resolved": "https://registry.npmjs.org/xlsx-populate/-/xlsx-populate-1.20.1.tgz",
      "integrity": "sha512-128l+3CWPJaI0keGQ6G6HaqWhHdQ8AbfhX7G/Ouy/uq5yKv/O6hJOg+IqJp8zOcx9eLimVIfyNVyjZmEZ0Zhcw==",
      "requires": {
        "cfb": "^1.1.0",
        "jszip": "^3.1.5",
        "lodash": "^4.17.11",
        "sax": "^1.2.4"
      }
    }
  }
}
